// !$*UTF8*$!
{
	archiveVersion = 1;
	classes = {
	};
	objectVersion = 46;
	objects = {

/* Begin PBXBuildFile section */
		904D432E1F32BB9E00529403 /* main.m in Sources */ = {isa = PBXBuildFile; fileRef = 904D432D1F32BB9E00529403 /* main.m */; };
		904D43311F32BB9E00529403 /* AppDelegate.m in Sources */ = {isa = PBXBuildFile; fileRef = 904D43301F32BB9E00529403 /* AppDelegate.m */; };
		904D43341F32BB9E00529403 /* ViewController.m in Sources */ = {isa = PBXBuildFile; fileRef = 904D43331F32BB9E00529403 /* ViewController.m */; };
		904D43371F32BB9E00529403 /* Main.storyboard in Resources */ = {isa = PBXBuildFile; fileRef = 904D43351F32BB9E00529403 /* Main.storyboard */; };
		904D43391F32BB9E00529403 /* Assets.xcassets in Resources */ = {isa = PBXBuildFile; fileRef = 904D43381F32BB9E00529403 /* Assets.xcassets */; };
		904D433C1F32BB9E00529403 /* LaunchScreen.storyboard in Resources */ = {isa = PBXBuildFile; fileRef = 904D433A1F32BB9E00529403 /* LaunchScreen.storyboard */; };
		904D43471F32BB9F00529403 /* BTests.m in Sources */ = {isa = PBXBuildFile; fileRef = 904D43461F32BB9F00529403 /* BTests.m */; };
		904D43521F32BB9F00529403 /* BUITests.m in Sources */ = {isa = PBXBuildFile; fileRef = 904D43511F32BB9F00529403 /* BUITests.m */; };
/* End PBXBuildFile section */

/* Begin PBXContainerItemProxy section */
		904D43431F32BB9F00529403 /* PBXContainerItemProxy */ = {
			isa = PBXContainerItemProxy;
			containerPortal = 904D43211F32BB9E00529403 /* Project object */;
			proxyType = 1;
			remoteGlobalIDString = 904D43281F32BB9E00529403;
			remoteInfo = B;
		};
		904D434E1F32BB9F00529403 /* PBXContainerItemProxy */ = {
			isa = PBXContainerItemProxy;
			containerPortal = 904D43211F32BB9E00529403 /* Project object */;
			proxyType = 1;
			remoteGlobalIDString = 904D43281F32BB9E00529403;
			remoteInfo = B;
		};
/* End PBXContainerItemProxy section */

/* Begin PBXFileReference section */
		904D43291F32BB9E00529403 /* B.app */ = {isa = PBXFileReference; explicitFileType = wrapper.application; includeInIndex = 0; path = B.app; sourceTree = BUILT_PRODUCTS_DIR; };
		904D432D1F32BB9E00529403 /* main.m */ = {isa = PBXFileReference; lastKnownFileType = sourcecode.c.objc; path = main.m; sourceTree = "<group>"; };
		904D432F1F32BB9E00529403 /* AppDelegate.h */ = {isa = PBXFileReference; lastKnownFileType = sourcecode.c.h; path = AppDelegate.h; sourceTree = "<group>"; };
		904D43301F32BB9E00529403 /* AppDelegate.m */ = {isa = PBXFileReference; lastKnownFileType = sourcecode.c.objc; path = AppDelegate.m; sourceTree = "<group>"; };
		904D43321F32BB9E00529403 /* ViewController.h */ = {isa = PBXFileReference; lastKnownFileType = sourcecode.c.h; path = ViewController.h; sourceTree = "<group>"; };
		904D43331F32BB9E00529403 /* ViewController.m */ = {isa = PBXFileReference; lastKnownFileType = sourcecode.c.objc; path = ViewController.m; sourceTree = "<group>"; };
		904D43361F32BB9E00529403 /* Base */ = {isa = PBXFileReference; lastKnownFileType = file.storyboard; name = Base; path = Base.lproj/Main.storyboard; sourceTree = "<group>"; };
		904D43381F32BB9E00529403 /* Assets.xcassets */ = {isa = PBXFileReference; lastKnownFileType = folder.assetcatalog; path = Assets.xcassets; sourceTree = "<group>"; };
		904D433B1F32BB9E00529403 /* Base */ = {isa = PBXFileReference; lastKnownFileType = file.storyboard; name = Base; path = Base.lproj/LaunchScreen.storyboard; sourceTree = "<group>"; };
		904D433D1F32BB9E00529403 /* Info.plist */ = {isa = PBXFileReference; lastKnownFileType = text.plist.xml; path = Info.plist; sourceTree = "<group>"; };
		904D43421F32BB9F00529403 /* BTests.xctest */ = {isa = PBXFileReference; explicitFileType = wrapper.cfbundle; includeInIndex = 0; path = BTests.xctest; sourceTree = BUILT_PRODUCTS_DIR; };
		904D43461F32BB9F00529403 /* BTests.m */ = {isa = PBXFileReference; lastKnownFileType = sourcecode.c.objc; path = BTests.m; sourceTree = "<group>"; };
		904D43481F32BB9F00529403 /* Info.plist */ = {isa = PBXFileReference; lastKnownFileType = text.plist.xml; path = Info.plist; sourceTree = "<group>"; };
		904D434D1F32BB9F00529403 /* BUITests.xctest */ = {isa = PBXFileReference; explicitFileType = wrapper.cfbundle; includeInIndex = 0; path = BUITests.xctest; sourceTree = BUILT_PRODUCTS_DIR; };
		904D43511F32BB9F00529403 /* BUITests.m */ = {isa = PBXFileReference; lastKnownFileType = sourcecode.c.objc; path = BUITests.m; sourceTree = "<group>"; };
		904D43531F32BB9F00529403 /* Info.plist */ = {isa = PBXFileReference; lastKnownFileType = text.plist.xml; path = Info.plist; sourceTree = "<group>"; };
/* End PBXFileReference section */

/* Begin PBXFrameworksBuildPhase section */
		904D43261F32BB9E00529403 /* Frameworks */ = {
			isa = PBXFrameworksBuildPhase;
			buildActionMask = 2147483647;
			files = (
			);
			runOnlyForDeploymentPostprocessing = 0;
		};
		904D433F1F32BB9F00529403 /* Frameworks */ = {
			isa = PBXFrameworksBuildPhase;
			buildActionMask = 2147483647;
			files = (
			);
			runOnlyForDeploymentPostprocessing = 0;
		};
		904D434A1F32BB9F00529403 /* Frameworks */ = {
			isa = PBXFrameworksBuildPhase;
			buildActionMask = 2147483647;
			files = (
			);
			runOnlyForDeploymentPostprocessing = 0;
		};
/* End PBXFrameworksBuildPhase section */

/* Begin PBXGroup section */
		904D43201F32BB9E00529403 = {
			isa = PBXGroup;
			children = (
				904D432B1F32BB9E00529403 /* B */,
				904D43451F32BB9F00529403 /* BTests */,
				904D43501F32BB9F00529403 /* BUITests */,
				904D432A1F32BB9E00529403 /* Products */,
			);
			sourceTree = "<group>";
		};
		904D432A1F32BB9E00529403 /* Products */ = {
			isa = PBXGroup;
			children = (
				904D43291F32BB9E00529403 /* B.app */,
				904D43421F32BB9F00529403 /* BTests.xctest */,
				904D434D1F32BB9F00529403 /* BUITests.xctest */,
			);
			name = Products;
			sourceTree = "<group>";
		};
		904D432B1F32BB9E00529403 /* B */ = {
			isa = PBXGroup;
			children = (
				904D432F1F32BB9E00529403 /* AppDelegate.h */,
				904D43301F32BB9E00529403 /* AppDelegate.m */,
				904D43321F32BB9E00529403 /* ViewController.h */,
				904D43331F32BB9E00529403 /* ViewController.m */,
				904D43351F32BB9E00529403 /* Main.storyboard */,
				904D43381F32BB9E00529403 /* Assets.xcassets */,
				904D433A1F32BB9E00529403 /* LaunchScreen.storyboard */,
				904D433D1F32BB9E00529403 /* Info.plist */,
				904D432C1F32BB9E00529403 /* Supporting Files */,
			);
			path = B;
			sourceTree = "<group>";
		};
		904D432C1F32BB9E00529403 /* Supporting Files */ = {
			isa = PBXGroup;
			children = (
				904D432D1F32BB9E00529403 /* main.m */,
			);
			name = "Supporting Files";
			sourceTree = "<group>";
		};
		904D43451F32BB9F00529403 /* BTests */ = {
			isa = PBXGroup;
			children = (
				904D43461F32BB9F00529403 /* BTests.m */,
				904D43481F32BB9F00529403 /* Info.plist */,
			);
			path = BTests;
			sourceTree = "<group>";
		};
		904D43501F32BB9F00529403 /* BUITests */ = {
			isa = PBXGroup;
			children = (
				904D43511F32BB9F00529403 /* BUITests.m */,
				904D43531F32BB9F00529403 /* Info.plist */,
			);
			path = BUITests;
			sourceTree = "<group>";
		};
/* End PBXGroup section */

/* Begin PBXNativeTarget section */
		904D43281F32BB9E00529403 /* B */ = {
			isa = PBXNativeTarget;
			buildConfigurationList = 904D43561F32BB9F00529403 /* Build configuration list for PBXNativeTarget "B" */;
			buildPhases = (
				904D43251F32BB9E00529403 /* Sources */,
				904D43261F32BB9E00529403 /* Frameworks */,
				904D43271F32BB9E00529403 /* Resources */,
			);
			buildRules = (
			);
			dependencies = (
			);
			name = B;
			productName = B;
			productReference = 904D43291F32BB9E00529403 /* B.app */;
			productType = "com.apple.product-type.application";
		};
		904D43411F32BB9F00529403 /* BTests */ = {
			isa = PBXNativeTarget;
			buildConfigurationList = 904D43591F32BB9F00529403 /* Build configuration list for PBXNativeTarget "BTests" */;
			buildPhases = (
				904D433E1F32BB9F00529403 /* Sources */,
				904D433F1F32BB9F00529403 /* Frameworks */,
				904D43401F32BB9F00529403 /* Resources */,
			);
			buildRules = (
			);
			dependencies = (
				904D43441F32BB9F00529403 /* PBXTargetDependency */,
			);
			name = BTests;
			productName = BTests;
			productReference = 904D43421F32BB9F00529403 /* BTests.xctest */;
			productType = "com.apple.product-type.bundle.unit-test";
		};
		904D434C1F32BB9F00529403 /* BUITests */ = {
			isa = PBXNativeTarget;
			buildConfigurationList = 904D435C1F32BB9F00529403 /* Build configuration list for PBXNativeTarget "BUITests" */;
			buildPhases = (
				904D43491F32BB9F00529403 /* Sources */,
				904D434A1F32BB9F00529403 /* Frameworks */,
				904D434B1F32BB9F00529403 /* Resources */,
			);
			buildRules = (
			);
			dependencies = (
				904D434F1F32BB9F00529403 /* PBXTargetDependency */,
			);
			name = BUITests;
			productName = BUITests;
			productReference = 904D434D1F32BB9F00529403 /* BUITests.xctest */;
			productType = "com.apple.product-type.bundle.ui-testing";
		};
/* End PBXNativeTarget section */

/* Begin PBXProject section */
		904D43211F32BB9E00529403 /* Project object */ = {
			isa = PBXProject;
			attributes = {
				LastUpgradeCheck = 0830;
				ORGANIZATIONNAME = yiai_xiaojie;
				TargetAttributes = {
					904D43281F32BB9E00529403 = {
						CreatedOnToolsVersion = 8.3.3;
						ProvisioningStyle = Automatic;
					};
					904D43411F32BB9F00529403 = {
						CreatedOnToolsVersion = 8.3.3;
						ProvisioningStyle = Automatic;
						TestTargetID = 904D43281F32BB9E00529403;
					};
					904D434C1F32BB9F00529403 = {
						CreatedOnToolsVersion = 8.3.3;
						ProvisioningStyle = Automatic;
						TestTargetID = 904D43281F32BB9E00529403;
					};
				};
			};
			buildConfigurationList = 904D43241F32BB9E00529403 /* Build configuration list for PBXProject "B" */;
			compatibilityVersion = "Xcode 3.2";
			developmentRegion = English;
			hasScannedForEncodings = 0;
			knownRegions = (
				en,
				Base,
			);
			mainGroup = 904D43201F32BB9E00529403;
			productRefGroup = 904D432A1F32BB9E00529403 /* Products */;
			projectDirPath = "";
			projectRoot = "";
			targets = (
				904D43281F32BB9E00529403 /* B */,
				904D43411F32BB9F00529403 /* BTests */,
				904D434C1F32BB9F00529403 /* BUITests */,
			);
		};
/* End PBXProject section */

/* Begin PBXResourcesBuildPhase section */
		904D43271F32BB9E00529403 /* Resources */ = {
			isa = PBXResourcesBuildPhase;
			buildActionMask = 2147483647;
			files = (
				904D433C1F32BB9E00529403 /* LaunchScreen.storyboard in Resources */,
				904D43391F32BB9E00529403 /* Assets.xcassets in Resources */,
				904D43371F32BB9E00529403 /* Main.storyboard in Resources */,
			);
			runOnlyForDeploymentPostprocessing = 0;
		};
		904D43401F32BB9F00529403 /* Resources */ = {
			isa = PBXResourcesBuildPhase;
			buildActionMask = 2147483647;
			files = (
			);
			runOnlyForDeploymentPostprocessing = 0;
		};
		904D434B1F32BB9F00529403 /* Resources */ = {
			isa = PBXResourcesBuildPhase;
			buildActionMask = 2147483647;
			files = (
			);
			runOnlyForDeploymentPostprocessing = 0;
		};
/* End PBXResourcesBuildPhase section */

/* Begin PBXSourcesBuildPhase section */
		904D43251F32BB9E00529403 /* Sources */ = {
			isa = PBXSourcesBuildPhase;
			buildActionMask = 2147483647;
			files = (
				904D43341F32BB9E00529403 /* ViewController.m in Sources */,
				904D43311F32BB9E00529403 /* AppDelegate.m in Sources */,
				904D432E1F32BB9E00529403 /* main.m in Sources */,
			);
			runOnlyForDeploymentPostprocessing = 0;
		};
		904D433E1F32BB9F00529403 /* Sources */ = {
			isa = PBXSourcesBuildPhase;
			buildActionMask = 2147483647;
			files = (
				904D43471F32BB9F00529403 /* BTests.m in Sources */,
			);
			runOnlyForDeploymentPostprocessing = 0;
		};
		904D43491F32BB9F00529403 /* Sources */ = {
			isa = PBXSourcesBuildPhase;
			buildActionMask = 2147483647;
			files = (
				904D43521F32BB9F00529403 /* BUITests.m in Sources */,
			);
			runOnlyForDeploymentPostprocessing = 0;
		};
/* End PBXSourcesBuildPhase section */

/* Begin PBXTargetDependency section */
		904D43441F32BB9F00529403 /* PBXTargetDependency */ = {
			isa = PBXTargetDependency;
			target = 904D43281F32BB9E00529403 /* B */;
			targetProxy = 904D43431F32BB9F00529403 /* PBXContainerItemProxy */;
		};
		904D434F1F32BB9F00529403 /* PBXTargetDependency */ = {
			isa = PBXTargetDependency;
			target = 904D43281F32BB9E00529403 /* B */;
			targetProxy = 904D434E1F32BB9F00529403 /* PBXContainerItemProxy */;
		};
/* End PBXTargetDependency section */

/* Begin PBXVariantGroup section */
		904D43351F32BB9E00529403 /* Main.storyboard */ = {
			isa = PBXVariantGroup;
			children = (
				904D43361F32BB9E00529403 /* Base */,
			);
			name = Main.storyboard;
			sourceTree = "<group>";
		};
		904D433A1F32BB9E00529403 /* LaunchScreen.storyboard */ = {
			isa = PBXVariantGroup;
			children = (
				904D433B1F32BB9E00529403 /* Base */,
			);
			name = LaunchScreen.storyboard;
			sourceTree = "<group>";
		};
/* End PBXVariantGroup section */

/* Begin XCBuildConfiguration section */
		904D43541F32BB9F00529403 /* Debug */ = {
			isa = XCBuildConfiguration;
			buildSettings = {
				ALWAYS_SEARCH_USER_PATHS = NO;
				CLANG_ANALYZER_NONNULL = YES;
				CLANG_ANALYZER_NUMBER_OBJECT_CONVERSION = YES_AGGRESSIVE;
				CLANG_CXX_LANGUAGE_STANDARD = "gnu++0x";
				CLANG_CXX_LIBRARY = "libc++";
				CLANG_ENABLE_MODULES = YES;
				CLANG_ENABLE_OBJC_ARC = YES;
				CLANG_WARN_BOOL_CONVERSION = YES;
				CLANG_WARN_CONSTANT_CONVERSION = YES;
				CLANG_WARN_DIRECT_OBJC_ISA_USAGE = YES_ERROR;
				CLANG_WARN_DOCUMENTATION_COMMENTS = YES;
				CLANG_WARN_EMPTY_BODY = YES;
				CLANG_WARN_ENUM_CONVERSION = YES;
				CLANG_WARN_INFINITE_RECURSION = YES;
				CLANG_WARN_INT_CONVERSION = YES;
				CLANG_WARN_OBJC_ROOT_CLASS = YES_ERROR;
				CLANG_WARN_SUSPICIOUS_MOVE = YES;
				CLANG_WARN_UNREACHABLE_CODE = YES;
				CLANG_WARN__DUPLICATE_METHOD_MATCH = YES;
				"CODE_SIGN_IDENTITY[sdk=iphoneos*]" = "iPhone Developer";
				COPY_PHASE_STRIP = NO;
				DEBUG_INFORMATION_FORMAT = dwarf;
				ENABLE_STRICT_OBJC_MSGSEND = YES;
				ENABLE_TESTABILITY = YES;
				GCC_C_LANGUAGE_STANDARD = gnu99;
				GCC_DYNAMIC_NO_PIC = NO;
				GCC_NO_COMMON_BLOCKS = YES;
				GCC_OPTIMIZATION_LEVEL = 0;
				GCC_PREPROCESSOR_DEFINITIONS = (
					"DEBUG=1",
					"$(inherited)",
				);
				GCC_WARN_64_TO_32_BIT_CONVERSION = YES;
				GCC_WARN_ABOUT_RETURN_TYPE = YES_ERROR;
				GCC_WARN_UNDECLARED_SELECTOR = YES;
				GCC_WARN_UNINITIALIZED_AUTOS = YES_AGGRESSIVE;
				GCC_WARN_UNUSED_FUNCTION = YES;
				GCC_WARN_UNUSED_VARIABLE = YES;
				IPHONEOS_DEPLOYMENT_TARGET = 10.3;
				MTL_ENABLE_DEBUG_INFO = YES;
				ONLY_ACTIVE_ARCH = YES;
				SDKROOT = iphoneos;
				TARGETED_DEVICE_FAMILY = "1,2";
			};
			name = Debug;
		};
		904D43551F32BB9F00529403 /* Release */ = {
			isa = XCBuildConfiguration;
			buildSettings = {
				ALWAYS_SEARCH_USER_PATHS = NO;
				CLANG_ANALYZER_NONNULL = YES;
				CLANG_ANALYZER_NUMBER_OBJECT_CONVERSION = YES_AGGRESSIVE;
				CLANG_CXX_LANGUAGE_STANDARD = "gnu++0x";
				CLANG_CXX_LIBRARY = "libc++";
				CLANG_ENABLE_MODULES = YES;
				CLANG_ENABLE_OBJC_ARC = YES;
				CLANG_WARN_BOOL_CONVERSION = YES;
				CLANG_WARN_CONSTANT_CONVERSION = YES;
				CLANG_WARN_DIRECT_OBJC_ISA_USAGE = YES_ERROR;
				CLANG_WARN_DOCUMENTATION_COMMENTS = YES;
				CLANG_WARN_EMPTY_BODY = YES;
				CLANG_WARN_ENUM_CONVERSION = YES;
				CLANG_WARN_INFINITE_RECURSION = YES;
				CLANG_WARN_INT_CONVERSION = YES;
				CLANG_WARN_OBJC_ROOT_CLASS = YES_ERROR;
				CLANG_WARN_SUSPICIOUS_MOVE = YES;
				CLANG_WARN_UNREACHABLE_CODE = YES;
				CLANG_WARN__DUPLICATE_METHOD_MATCH = YES;
				"CODE_SIGN_IDENTITY[sdk=iphoneos*]" = "iPhone Developer";
				COPY_PHASE_STRIP = NO;
				DEBUG_INFORMATION_FORMAT = "dwarf-with-dsym";
				ENABLE_NS_ASSERTIONS = NO;
				ENABLE_STRICT_OBJC_MSGSEND = YES;
				GCC_C_LANGUAGE_STANDARD = gnu99;
				GCC_NO_COMMON_BLOCKS = YES;
				GCC_WARN_64_TO_32_BIT_CONVERSION = YES;
				GCC_WARN_ABOUT_RETURN_TYPE = YES_ERROR;
				GCC_WARN_UNDECLARED_SELECTOR = YES;
				GCC_WARN_UNINITIALIZED_AUTOS = YES_AGGRESSIVE;
				GCC_WARN_UNUSED_FUNCTION = YES;
				GCC_WARN_UNUSED_VARIABLE = YES;
				IPHONEOS_DEPLOYMENT_TARGET = 10.3;
				MTL_ENABLE_DEBUG_INFO = NO;
				SDKROOT = iphoneos;
				TARGETED_DEVICE_FAMILY = "1,2";
				VALIDATE_PRODUCT = YES;
			};
			name = Release;
		};
		904D43571F32BB9F00529403 /* Debug */ = {
			isa = XCBuildConfiguration;
			buildSettings = {
				ASSETCATALOG_COMPILER_APPICON_NAME = AppIcon;
				INFOPLIST_FILE = B/Info.plist;
				LD_RUNPATH_SEARCH_PATHS = "$(inherited) @executable_path/Frameworks";
				PRODUCT_BUNDLE_IDENTIFIER = com.yiai.com.B;
				PRODUCT_NAME = "$(TARGET_NAME)";
			};
			name = Debug;
		};
		904D43581F32BB9F00529403 /* Release */ = {
			isa = XCBuildConfiguration;
			buildSettings = {
				ASSETCATALOG_COMPILER_APPICON_NAME = AppIcon;
				INFOPLIST_FILE = B/Info.plist;
				LD_RUNPATH_SEARCH_PATHS = "$(inherited) @executable_path/Frameworks";
				PRODUCT_BUNDLE_IDENTIFIER = com.yiai.com.B;
				PRODUCT_NAME = "$(TARGET_NAME)";
			};
			name = Release;
		};
		904D435A1F32BB9F00529403 /* Debug */ = {
			isa = XCBuildConfiguration;
			buildSettings = {
				BUNDLE_LOADER = "$(TEST_HOST)";
				INFOPLIST_FILE = BTests/Info.plist;
				LD_RUNPATH_SEARCH_PATHS = "$(inherited) @executable_path/Frameworks @loader_path/Frameworks";
				PRODUCT_BUNDLE_IDENTIFIER = com.yiai.com.BTests;
				PRODUCT_NAME = "$(TARGET_NAME)";
				TEST_HOST = "$(BUILT_PRODUCTS_DIR)/B.app/B";
			};
			name = Debug;
		};
		904D435B1F32BB9F00529403 /* Release */ = {
			isa = XCBuildConfiguration;
			buildSettings = {
				BUNDLE_LOADER = "$(TEST_HOST)";
				INFOPLIST_FILE = BTests/Info.plist;
				LD_RUNPATH_SEARCH_PATHS = "$(inherited) @executable_path/Frameworks @loader_path/Frameworks";
				PRODUCT_BUNDLE_IDENTIFIER = com.yiai.com.BTests;
				PRODUCT_NAME = "$(TARGET_NAME)";
				TEST_HOST = "$(BUILT_PRODUCTS_DIR)/B.app/B";
			};
			name = Release;
		};
		904D435D1F32BB9F00529403 /* Debug */ = {
			isa = XCBuildConfiguration;
			buildSettings = {
				INFOPLIST_FILE = BUITests/Info.plist;
				LD_RUNPATH_SEARCH_PATHS = "$(inherited) @executable_path/Frameworks @loader_path/Frameworks";
				PRODUCT_BUNDLE_IDENTIFIER = com.yiai.com.BUITests;
				PRODUCT_NAME = "$(TARGET_NAME)";
				TEST_TARGET_NAME = B;
			};
			name = Debug;
		};
		904D435E1F32BB9F00529403 /* Release */ = {
			isa = XCBuildConfiguration;
			buildSettings = {
				INFOPLIST_FILE = BUITests/Info.plist;
				LD_RUNPATH_SEARCH_PATHS = "$(inherited) @executable_path/Frameworks @loader_path/Frameworks";
				PRODUCT_BUNDLE_IDENTIFIER = com.yiai.com.BUITests;
				PRODUCT_NAME = "$(TARGET_NAME)";
				TEST_TARGET_NAME = B;
			};
			name = Release;
		};
/* End XCBuildConfiguration section */

/* Begin XCConfigurationList section */
		904D43241F32BB9E00529403 /* Build configuration list for PBXProject "B" */ = {
			isa = XCConfigurationList;
			buildConfigurations = (
				904D43541F32BB9F00529403 /* Debug */,
				904D43551F32BB9F00529403 /* Release */,
			);
			defaultConfigurationIsVisible = 0;
			defaultConfigurationName = Release;
		};
		904D43561F32BB9F00529403 /* Build configuration list for PBXNativeTarget "B" */ = {
			isa = XCConfigurationList;
			buildConfigurations = (
				904D43571F32BB9F00529403 /* Debug */,
				904D43581F32BB9F00529403 /* Release */,
			);
			defaultConfigurationIsVisible = 0;
		};
		904D43591F32BB9F00529403 /* Build configuration list for PBXNativeTarget "BTests" */ = {
			isa = XCConfigurationList;
			buildConfigurations = (
				904D435A1F32BB9F00529403 /* Debug */,
				904D435B1F32BB9F00529403 /* Release */,
			);
			defaultConfigurationIsVisible = 0;
		};
		904D435C1F32BB9F00529403 /* Build configuration list for PBXNativeTarget "BUITests" */ = {
			isa = XCConfigurationList;
			buildConfigurations = (
				904D435D1F32BB9F00529403 /* Debug */,
				904D435E1F32BB9F00529403 /* Release */,
			);
			defaultConfigurationIsVisible = 0;
		};
/* End XCConfigurationList section */
	};
	rootObject = 904D43211F32BB9E00529403 /* Project object */;
}
